
Microsoft Visual Studio Solution File, Format Version 12.00
# Visual Studio Version 17
VisualStudioVersion = 17.0.32014.148
MinimumVisualStudioVersion = 10.0.40219.1
Project("{FAE04EC0-301F-11D3-BF4B-00C04F79EFBC}") = "WebApplication1", "WebApplication1\WebApplication1.csproj", "{EF48A707-4BF9-491B-8254-423DCA97A051}"
EndProject
Project("{FAE04EC0-301F-11D3-BF4B-00C04F79EFBC}") = "Traffic", "Traffic\Traffic.csproj", "{D77BD15C-57D0-476F-BD23-B6EFC31D5471}"
EndProject
Project("{FAE04EC0-301F-11D3-BF4B-00C04F79EFBC}") = "pingtime", "pingtime\pingtime.csproj", "{66AD1B79-A1B2-420D-8568-10654713F0E2}"
EndProject
Project("{FAE04EC0-301F-11D3-BF4B-00C04F79EFBC}") = "OS", "OS\OS.csproj", "{C7E7D41A-724C-4F5C-8EF4-9E6D8E7AD10C}"
EndProject
Project("{FAE04EC0-301F-11D3-BF4B-00C04F79EFBC}") = "systeminfo", "systeminfo\systeminfo.csproj", "{8F7C2B9E-A5EA-45BE-BAB3-5B9B7375EF6C}"
EndProject
Project("{FAE04EC0-301F-11D3-BF4B-00C04F79EFBC}") = "changepwd", "changepwd\changepwd.csproj", "{5E8B4281-CB62-4767-842E-69032A40DE63}"
EndProject
Project("{FAE04EC0-301F-11D3-BF4B-00C04F79EFBC}") = "DBCON", "DBCON\DBCON.csproj", "{8A4BE62B-3481-4FF4-9BD1-C1DA9FD867EE}"
EndProject
Project("{FAE04EC0-301F-11D3-BF4B-00C04F79EFBC}") = "SSNMService", "SSNMS\SSNMService.csproj", "{3F065D4E-B9E7-4CFB-ADB6-154D55B3A158}"
EndProject
Project("{FAE04EC0-301F-11D3-BF4B-00C04F79EFBC}") = "SecurityServer", "SecurityServer\SecurityServer.csproj", "{579E7B67-EDB0-4E11-8043-B514224E3A06}"
EndProject
Project("{FAE04EC0-301F-11D3-BF4B-00C04F79EFBC}") = "LNM", "LNM\LNM.csproj", "{50895147-0983-4FF1-97DE-6938230E7D50}"
EndProject
Project("{FAE04EC0-301F-11D3-BF4B-00C04F79EFBC}") = "AutoAdd", "AutoAdd\AutoAdd.csproj", "{4C2453A3-6975-46D6-A7F5-2D668631C69D}"
EndProject
Project("{FAE04EC0-301F-11D3-BF4B-00C04F79EFBC}") = "Services", "Services\Services.csproj", "{59CC6590-CE26-4D2E-A9BE-75F1D3588E7A}"
EndProject
Project("{FAE04EC0-301F-11D3-BF4B-00C04F79EFBC}") = "Phone", "Phone\Phone.csproj", "{2F364DC5-080D-4C0E-8A2C-0BAB6F435513}"
EndProject
Project("{FAE04EC0-301F-11D3-BF4B-00C04F79EFBC}") = "Dashbord_resource", "Dashbord_resource\Dashbord_resource.csproj", "{FB409C72-FA0A-4584-95E9-D603DD6AFF91}"
EndProject
Project("{FAE04EC0-301F-11D3-BF4B-00C04F79EFBC}") = "Client", "Client\Client.csproj", "{289BDD1D-D4AC-4896-8F49-1EFE9C4174A2}"
EndProject
Project("{FAE04EC0-301F-11D3-BF4B-00C04F79EFBC}") = "SSIMCSerivce", "SSIMCSerivce\SSIMCSerivce.csproj", "{E87DA239-7E81-4259-83E9-2EABF8391C67}"
EndProject
Project("{FAE04EC0-301F-11D3-BF4B-00C04F79EFBC}") = "alert", "alert\alert.csproj", "{024853C5-E947-44A1-8E59-C7B1718C0E10}"
EndProject
Project("{FAE04EC0-301F-11D3-BF4B-00C04F79EFBC}") = "EventRead", "EventRead\EventRead.csproj", "{452159D9-A992-4264-929C-D72EC383A8C6}"
EndProject
Project("{FAE04EC0-301F-11D3-BF4B-00C04F79EFBC}") = "test5", "test5\test5.csproj", "{7E998F88-FE07-4C80-87D7-5399C7D6130B}"
EndProject
Project("{FAE04EC0-301F-11D3-BF4B-00C04F79EFBC}") = "test6", "test6\test6.csproj", "{38E905B4-BBC3-4C28-8E19-AAA0AA7E0DB4}"
EndProject
Project("{FAE04EC0-301F-11D3-BF4B-00C04F79EFBC}") = "SNMPTRAP", "SNMPTRAP\SNMPTRAP.csproj", "{A17A30DC-28FB-4BCD-B7D5-264EBA26D1C0}"
EndProject
Project("{FAE04EC0-301F-11D3-BF4B-00C04F79EFBC}") = "test2", "test2\test2.csproj", "{5CCB7256-7018-43AB-B8F3-BF739B19249B}"
EndProject
Project("{FAE04EC0-301F-11D3-BF4B-00C04F79EFBC}") = "Licensemake", "test3\Licensemake.csproj", "{2F28C8D5-B1C0-4D62-AEEC-5866C83F4C18}"
EndProject
Project("{FAE04EC0-301F-11D3-BF4B-00C04F79EFBC}") = "SocketClient", "SocketClient\SocketClient.csproj", "{1B5DF44B-5C12-45BE-AF17-4E3B19BC6194}"
EndProject
Project("{FAE04EC0-301F-11D3-BF4B-00C04F79EFBC}") = "SocketServer", "SocketServer\SocketServer.csproj", "{C2A2641A-E14F-48E6-B085-114D6C375BFA}"
EndProject
Project("{FAE04EC0-301F-11D3-BF4B-00C04F79EFBC}") = "AP", "AP\AP.csproj", "{902D182A-7813-43C5-A2BA-9B76797B2A77}"
EndProject
Project("{FAE04EC0-301F-11D3-BF4B-00C04F79EFBC}") = "VIEW", "VIEW\VIEW.csproj", "{E816AC02-75D4-42E7-8823-EF1A94C828D5}"
EndProject
Project("{FAE04EC0-301F-11D3-BF4B-00C04F79EFBC}") = "socketclient_service", "socketclient_service\socketclient_service.csproj", "{86F3CD4D-7BBC-4494-8BC6-A80EC1DBBFD2}"
EndProject
Project("{FAE04EC0-301F-11D3-BF4B-00C04F79EFBC}") = "socketserver_service", "socketserver_service\socketserver_service.csproj", "{D32C2237-6893-4590-9F8A-FCFD9BF10E14}"
EndProject
Project("{FAE04EC0-301F-11D3-BF4B-00C04F79EFBC}") = "License", "License\License.csproj", "{E8BE67E6-527C-4BB6-B1C2-3ED0CB41B1A8}"
EndProject
Project("{FAE04EC0-301F-11D3-BF4B-00C04F79EFBC}") = "oid_insert", "oid_insert\oid_insert.csproj", "{0FE458F7-11DF-43CF-A905-D1915DF73759}"
EndProject
Project("{FAE04EC0-301F-11D3-BF4B-00C04F79EFBC}") = "LNM_TRA", "LNM_TRA\LNM_TRA.csproj", "{3D3DA816-B215-4D6D-BEA9-1C6FB0FF5762}"
EndProject
Project("{FAE04EC0-301F-11D3-BF4B-00C04F79EFBC}") = "test_oid", "test_oid\test_oid.csproj", "{F4F398F2-2D5B-4C39-9445-C687097F9740}"
EndProject
Project("{FAE04EC0-301F-11D3-BF4B-00C04F79EFBC}") = "linuxclient", "linuxclient\linuxclient.csproj", "{9861281C-549A-4EA1-AB4B-A7FB3394B556}"
EndProject
Project("{FAE04EC0-301F-11D3-BF4B-00C04F79EFBC}") = "Service_reload", "Service_reload\Service_reload.csproj", "{B07BAE55-FFBC-4A43-BAB5-48FEDD3F77C8}"
EndProject
Global
	GlobalSection(SolutionConfigurationPlatforms) = preSolution
		Debug|Any CPU = Debug|Any CPU
		Debug|x64 = Debug|x64
		Release|Any CPU = Release|Any CPU
		Release|x64 = Release|x64
	EndGlobalSection
	GlobalSection(ProjectConfigurationPlatforms) = postSolution
		{EF48A707-4BF9-491B-8254-423DCA97A051}.Debug|Any CPU.ActiveCfg = Debug|Any CPU
		{EF48A707-4BF9-491B-8254-423DCA97A051}.Debug|Any CPU.Build.0 = Debug|Any CPU
		{EF48A707-4BF9-491B-8254-423DCA97A051}.Debug|x64.ActiveCfg = Debug|x64
		{EF48A707-4BF9-491B-8254-423DCA97A051}.Debug|x64.Build.0 = Debug|x64
		{EF48A707-4BF9-491B-8254-423DCA97A051}.Release|Any CPU.ActiveCfg = Release|Any CPU
		{EF48A707-4BF9-491B-8254-423DCA97A051}.Release|Any CPU.Build.0 = Release|Any CPU
		{EF48A707-4BF9-491B-8254-423DCA97A051}.Release|x64.ActiveCfg = Release|x64
		{EF48A707-4BF9-491B-8254-423DCA97A051}.Release|x64.Build.0 = Release|x64
		{D77BD15C-57D0-476F-BD23-B6EFC31D5471}.Debug|Any CPU.ActiveCfg = Debug|Any CPU
		{D77BD15C-57D0-476F-BD23-B6EFC31D5471}.Debug|Any CPU.Build.0 = Debug|Any CPU
		{D77BD15C-57D0-476F-BD23-B6EFC31D5471}.Debug|x64.ActiveCfg = Debug|x64
		{D77BD15C-57D0-476F-BD23-B6EFC31D5471}.Debug|x64.Build.0 = Debug|x64
		{D77BD15C-57D0-476F-BD23-B6EFC31D5471}.Release|Any CPU.ActiveCfg = Release|Any CPU
		{D77BD15C-57D0-476F-BD23-B6EFC31D5471}.Release|Any CPU.Build.0 = Release|Any CPU
		{D77BD15C-57D0-476F-BD23-B6EFC31D5471}.Release|x64.ActiveCfg = Release|x64
		{D77BD15C-57D0-476F-BD23-B6EFC31D5471}.Release|x64.Build.0 = Release|x64
		{66AD1B79-A1B2-420D-8568-10654713F0E2}.Debug|Any CPU.ActiveCfg = Debug|Any CPU
		{66AD1B79-A1B2-420D-8568-10654713F0E2}.Debug|Any CPU.Build.0 = Debug|Any CPU
		{66AD1B79-A1B2-420D-8568-10654713F0E2}.Debug|x64.ActiveCfg = Debug|x64
		{66AD1B79-A1B2-420D-8568-10654713F0E2}.Debug|x64.Build.0 = Debug|x64
		{66AD1B79-A1B2-420D-8568-10654713F0E2}.Release|Any CPU.ActiveCfg = Release|Any CPU
		{66AD1B79-A1B2-420D-8568-10654713F0E2}.Release|Any CPU.Build.0 = Release|Any CPU
		{66AD1B79-A1B2-420D-8568-10654713F0E2}.Release|x64.ActiveCfg = Release|x64
		{66AD1B79-A1B2-420D-8568-10654713F0E2}.Release|x64.Build.0 = Release|x64
		{C7E7D41A-724C-4F5C-8EF4-9E6D8E7AD10C}.Debug|Any CPU.ActiveCfg = Debug|Any CPU
		{C7E7D41A-724C-4F5C-8EF4-9E6D8E7AD10C}.Debug|Any CPU.Build.0 = Debug|Any CPU
		{C7E7D41A-724C-4F5C-8EF4-9E6D8E7AD10C}.Debug|x64.ActiveCfg = Debug|Any CPU
		{C7E7D41A-724C-4F5C-8EF4-9E6D8E7AD10C}.Release|Any CPU.ActiveCfg = Release|Any CPU
		{C7E7D41A-724C-4F5C-8EF4-9E6D8E7AD10C}.Release|Any CPU.Build.0 = Release|Any CPU
		{C7E7D41A-724C-4F5C-8EF4-9E6D8E7AD10C}.Release|x64.ActiveCfg = Release|Any CPU
		{8F7C2B9E-A5EA-45BE-BAB3-5B9B7375EF6C}.Debug|Any CPU.ActiveCfg = Debug|Any CPU
		{8F7C2B9E-A5EA-45BE-BAB3-5B9B7375EF6C}.Debug|Any CPU.Build.0 = Debug|Any CPU
		{8F7C2B9E-A5EA-45BE-BAB3-5B9B7375EF6C}.Debug|x64.ActiveCfg = Debug|x64
		{8F7C2B9E-A5EA-45BE-BAB3-5B9B7375EF6C}.Debug|x64.Build.0 = Debug|x64
		{8F7C2B9E-A5EA-45BE-BAB3-5B9B7375EF6C}.Release|Any CPU.ActiveCfg = Release|Any CPU
		{8F7C2B9E-A5EA-45BE-BAB3-5B9B7375EF6C}.Release|Any CPU.Build.0 = Release|Any CPU
		{8F7C2B9E-A5EA-45BE-BAB3-5B9B7375EF6C}.Release|x64.ActiveCfg = Release|x64
		{8F7C2B9E-A5EA-45BE-BAB3-5B9B7375EF6C}.Release|x64.Build.0 = Release|x64
		{5E8B4281-CB62-4767-842E-69032A40DE63}.Debug|Any CPU.ActiveCfg = Debug|Any CPU
		{5E8B4281-CB62-4767-842E-69032A40DE63}.Debug|Any CPU.Build.0 = Debug|Any CPU
		{5E8B4281-CB62-4767-842E-69032A40DE63}.Debug|x64.ActiveCfg = Debug|x64
		{5E8B4281-CB62-4767-842E-69032A40DE63}.Debug|x64.Build.0 = Debug|x64
		{5E8B4281-CB62-4767-842E-69032A40DE63}.Release|Any CPU.ActiveCfg = Release|Any CPU
		{5E8B4281-CB62-4767-842E-69032A40DE63}.Release|Any CPU.Build.0 = Release|Any CPU
		{5E8B4281-CB62-4767-842E-69032A40DE63}.Release|x64.ActiveCfg = Release|x64
		{5E8B4281-CB62-4767-842E-69032A40DE63}.Release|x64.Build.0 = Release|x64
		{8A4BE62B-3481-4FF4-9BD1-C1DA9FD867EE}.Debug|Any CPU.ActiveCfg = Debug|Any CPU
		{8A4BE62B-3481-4FF4-9BD1-C1DA9FD867EE}.Debug|Any CPU.Build.0 = Debug|Any CPU
		{8A4BE62B-3481-4FF4-9BD1-C1DA9FD867EE}.Debug|x64.ActiveCfg = Debug|x64
		{8A4BE62B-3481-4FF4-9BD1-C1DA9FD867EE}.Debug|x64.Build.0 = Debug|x64
		{8A4BE62B-3481-4FF4-9BD1-C1DA9FD867EE}.Release|Any CPU.ActiveCfg = Release|Any CPU
		{8A4BE62B-3481-4FF4-9BD1-C1DA9FD867EE}.Release|Any CPU.Build.0 = Release|Any CPU
		{8A4BE62B-3481-4FF4-9BD1-C1DA9FD867EE}.Release|x64.ActiveCfg = Release|x64
		{8A4BE62B-3481-4FF4-9BD1-C1DA9FD867EE}.Release|x64.Build.0 = Release|x64
		{3F065D4E-B9E7-4CFB-ADB6-154D55B3A158}.Debug|Any CPU.ActiveCfg = Debug|Any CPU
		{3F065D4E-B9E7-4CFB-ADB6-154D55B3A158}.Debug|Any CPU.Build.0 = Debug|Any CPU
		{3F065D4E-B9E7-4CFB-ADB6-154D55B3A158}.Debug|x64.ActiveCfg = Debug|x64
		{3F065D4E-B9E7-4CFB-ADB6-154D55B3A158}.Debug|x64.Build.0 = Debug|x64
		{3F065D4E-B9E7-4CFB-ADB6-154D55B3A158}.Release|Any CPU.ActiveCfg = Release|Any CPU
		{3F065D4E-B9E7-4CFB-ADB6-154D55B3A158}.Release|Any CPU.Build.0 = Release|Any CPU
		{3F065D4E-B9E7-4CFB-ADB6-154D55B3A158}.Release|x64.ActiveCfg = Release|x64
		{3F065D4E-B9E7-4CFB-ADB6-154D55B3A158}.Release|x64.Build.0 = Release|x64
		{579E7B67-EDB0-4E11-8043-B514224E3A06}.Debug|Any CPU.ActiveCfg = Debug|Any CPU
		{579E7B67-EDB0-4E11-8043-B514224E3A06}.Debug|Any CPU.Build.0 = Debug|Any CPU
		{579E7B67-EDB0-4E11-8043-B514224E3A06}.Debug|x64.ActiveCfg = Debug|x64
		{579E7B67-EDB0-4E11-8043-B514224E3A06}.Debug|x64.Build.0 = Debug|x64
		{579E7B67-EDB0-4E11-8043-B514224E3A06}.Release|Any CPU.ActiveCfg = Release|Any CPU
		{579E7B67-EDB0-4E11-8043-B514224E3A06}.Release|Any CPU.Build.0 = Release|Any CPU
		{579E7B67-EDB0-4E11-8043-B514224E3A06}.Release|x64.ActiveCfg = Release|x64
		{579E7B67-EDB0-4E11-8043-B514224E3A06}.Release|x64.Build.0 = Release|x64
		{50895147-0983-4FF1-97DE-6938230E7D50}.Debug|Any CPU.ActiveCfg = Debug|Any CPU
		{50895147-0983-4FF1-97DE-6938230E7D50}.Debug|Any CPU.Build.0 = Debug|Any CPU
		{50895147-0983-4FF1-97DE-6938230E7D50}.Debug|x64.ActiveCfg = Debug|x64
		{50895147-0983-4FF1-97DE-6938230E7D50}.Debug|x64.Build.0 = Debug|x64
		{50895147-0983-4FF1-97DE-6938230E7D50}.Release|Any CPU.ActiveCfg = Release|Any CPU
		{50895147-0983-4FF1-97DE-6938230E7D50}.Release|Any CPU.Build.0 = Release|Any CPU
		{50895147-0983-4FF1-97DE-6938230E7D50}.Release|x64.ActiveCfg = Release|x64
		{50895147-0983-4FF1-97DE-6938230E7D50}.Release|x64.Build.0 = Release|x64
		{4C2453A3-6975-46D6-A7F5-2D668631C69D}.Debug|Any CPU.ActiveCfg = Debug|Any CPU
		{4C2453A3-6975-46D6-A7F5-2D668631C69D}.Debug|Any CPU.Build.0 = Debug|Any CPU
		{4C2453A3-6975-46D6-A7F5-2D668631C69D}.Debug|x64.ActiveCfg = Debug|x64
		{4C2453A3-6975-46D6-A7F5-2D668631C69D}.Debug|x64.Build.0 = Debug|x64
		{4C2453A3-6975-46D6-A7F5-2D668631C69D}.Release|Any CPU.ActiveCfg = Release|Any CPU
		{4C2453A3-6975-46D6-A7F5-2D668631C69D}.Release|Any CPU.Build.0 = Release|Any CPU
		{4C2453A3-6975-46D6-A7F5-2D668631C69D}.Release|x64.ActiveCfg = Release|x64
		{4C2453A3-6975-46D6-A7F5-2D668631C69D}.Release|x64.Build.0 = Release|x64
		{59CC6590-CE26-4D2E-A9BE-75F1D3588E7A}.Debug|Any CPU.ActiveCfg = Debug|Any CPU
		{59CC6590-CE26-4D2E-A9BE-75F1D3588E7A}.Debug|Any CPU.Build.0 = Debug|Any CPU
		{59CC6590-CE26-4D2E-A9BE-75F1D3588E7A}.Debug|x64.ActiveCfg = Debug|x64
		{59CC6590-CE26-4D2E-A9BE-75F1D3588E7A}.Debug|x64.Build.0 = Debug|x64
		{59CC6590-CE26-4D2E-A9BE-75F1D3588E7A}.Release|Any CPU.ActiveCfg = Release|Any CPU
		{59CC6590-CE26-4D2E-A9BE-75F1D3588E7A}.Release|Any CPU.Build.0 = Release|Any CPU
		{59CC6590-CE26-4D2E-A9BE-75F1D3588E7A}.Release|x64.ActiveCfg = Release|x64
		{59CC6590-CE26-4D2E-A9BE-75F1D3588E7A}.Release|x64.Build.0 = Release|x64
		{2F364DC5-080D-4C0E-8A2C-0BAB6F435513}.Debug|Any CPU.ActiveCfg = Debug|Any CPU
		{2F364DC5-080D-4C0E-8A2C-0BAB6F435513}.Debug|Any CPU.Build.0 = Debug|Any CPU
		{2F364DC5-080D-4C0E-8A2C-0BAB6F435513}.Debug|x64.ActiveCfg = Debug|Any CPU
		{2F364DC5-080D-4C0E-8A2C-0BAB6F435513}.Release|Any CPU.ActiveCfg = Release|Any CPU
		{2F364DC5-080D-4C0E-8A2C-0BAB6F435513}.Release|Any CPU.Build.0 = Release|Any CPU
		{2F364DC5-080D-4C0E-8A2C-0BAB6F435513}.Release|x64.ActiveCfg = Release|Any CPU
		{FB409C72-FA0A-4584-95E9-D603DD6AFF91}.Debug|Any CPU.ActiveCfg = Debug|Any CPU
		{FB409C72-FA0A-4584-95E9-D603DD6AFF91}.Debug|Any CPU.Build.0 = Debug|Any CPU
		{FB409C72-FA0A-4584-95E9-D603DD6AFF91}.Debug|x64.ActiveCfg = Debug|x64
		{FB409C72-FA0A-4584-95E9-D603DD6AFF91}.Debug|x64.Build.0 = Debug|x64
		{FB409C72-FA0A-4584-95E9-D603DD6AFF91}.Release|Any CPU.ActiveCfg = Release|Any CPU
		{FB409C72-FA0A-4584-95E9-D603DD6AFF91}.Release|Any CPU.Build.0 = Release|Any CPU
		{FB409C72-FA0A-4584-95E9-D603DD6AFF91}.Release|x64.ActiveCfg = Release|x64
		{FB409C72-FA0A-4584-95E9-D603DD6AFF91}.Release|x64.Build.0 = Release|x64
		{289BDD1D-D4AC-4896-8F49-1EFE9C4174A2}.Debug|Any CPU.ActiveCfg = Debug|Any CPU
		{289BDD1D-D4AC-4896-8F49-1EFE9C4174A2}.Debug|Any CPU.Build.0 = Debug|Any CPU
		{289BDD1D-D4AC-4896-8F49-1EFE9C4174A2}.Debug|x64.ActiveCfg = Debug|x64
		{289BDD1D-D4AC-4896-8F49-1EFE9C4174A2}.Debug|x64.Build.0 = Debug|x64
		{289BDD1D-D4AC-4896-8F49-1EFE9C4174A2}.Release|Any CPU.ActiveCfg = Release|Any CPU
		{289BDD1D-D4AC-4896-8F49-1EFE9C4174A2}.Release|Any CPU.Build.0 = Release|Any CPU
		{289BDD1D-D4AC-4896-8F49-1EFE9C4174A2}.Release|x64.ActiveCfg = Release|x64
		{289BDD1D-D4AC-4896-8F49-1EFE9C4174A2}.Release|x64.Build.0 = Release|x64
		{E87DA239-7E81-4259-83E9-2EABF8391C67}.Debug|Any CPU.ActiveCfg = Debug|Any CPU
		{E87DA239-7E81-4259-83E9-2EABF8391C67}.Debug|Any CPU.Build.0 = Debug|Any CPU
		{E87DA239-7E81-4259-83E9-2EABF8391C67}.Debug|x64.ActiveCfg = Debug|x64
		{E87DA239-7E81-4259-83E9-2EABF8391C67}.Debug|x64.Build.0 = Debug|x64
		{E87DA239-7E81-4259-83E9-2EABF8391C67}.Release|Any CPU.ActiveCfg = Release|Any CPU
		{E87DA239-7E81-4259-83E9-2EABF8391C67}.Release|Any CPU.Build.0 = Release|Any CPU
		{E87DA239-7E81-4259-83E9-2EABF8391C67}.Release|x64.ActiveCfg = Release|x64
		{E87DA239-7E81-4259-83E9-2EABF8391C67}.Release|x64.Build.0 = Release|x64
		{024853C5-E947-44A1-8E59-C7B1718C0E10}.Debug|Any CPU.ActiveCfg = Debug|Any CPU
		{024853C5-E947-44A1-8E59-C7B1718C0E10}.Debug|Any CPU.Build.0 = Debug|Any CPU
		{024853C5-E947-44A1-8E59-C7B1718C0E10}.Debug|x64.ActiveCfg = Debug|x64
		{024853C5-E947-44A1-8E59-C7B1718C0E10}.Debug|x64.Build.0 = Debug|x64
		{024853C5-E947-44A1-8E59-C7B1718C0E10}.Release|Any CPU.ActiveCfg = Release|Any CPU
		{024853C5-E947-44A1-8E59-C7B1718C0E10}.Release|Any CPU.Build.0 = Release|Any CPU
		{024853C5-E947-44A1-8E59-C7B1718C0E10}.Release|x64.ActiveCfg = Release|x64
		{024853C5-E947-44A1-8E59-C7B1718C0E10}.Release|x64.Build.0 = Release|x64
		{452159D9-A992-4264-929C-D72EC383A8C6}.Debug|Any CPU.ActiveCfg = Debug|Any CPU
		{452159D9-A992-4264-929C-D72EC383A8C6}.Debug|Any CPU.Build.0 = Debug|Any CPU
		{452159D9-A992-4264-929C-D72EC383A8C6}.Debug|x64.ActiveCfg = Debug|Any CPU
		{452159D9-A992-4264-929C-D72EC383A8C6}.Release|Any CPU.ActiveCfg = Release|Any CPU
		{452159D9-A992-4264-929C-D72EC383A8C6}.Release|Any CPU.Build.0 = Release|Any CPU
		{452159D9-A992-4264-929C-D72EC383A8C6}.Release|x64.ActiveCfg = Release|Any CPU
		{7E998F88-FE07-4C80-87D7-5399C7D6130B}.Debug|Any CPU.ActiveCfg = Debug|Any CPU
		{7E998F88-FE07-4C80-87D7-5399C7D6130B}.Debug|Any CPU.Build.0 = Debug|Any CPU
		{7E998F88-FE07-4C80-87D7-5399C7D6130B}.Debug|x64.ActiveCfg = Debug|x64
		{7E998F88-FE07-4C80-87D7-5399C7D6130B}.Debug|x64.Build.0 = Debug|x64
		{7E998F88-FE07-4C80-87D7-5399C7D6130B}.Release|Any CPU.ActiveCfg = Release|Any CPU
		{7E998F88-FE07-4C80-87D7-5399C7D6130B}.Release|Any CPU.Build.0 = Release|Any CPU
		{7E998F88-FE07-4C80-87D7-5399C7D6130B}.Release|x64.ActiveCfg = Release|x64
		{7E998F88-FE07-4C80-87D7-5399C7D6130B}.Release|x64.Build.0 = Release|x64
		{38E905B4-BBC3-4C28-8E19-AAA0AA7E0DB4}.Debug|Any CPU.ActiveCfg = Debug|Any CPU
		{38E905B4-BBC3-4C28-8E19-AAA0AA7E0DB4}.Debug|Any CPU.Build.0 = Debug|Any CPU
		{38E905B4-BBC3-4C28-8E19-AAA0AA7E0DB4}.Debug|x64.ActiveCfg = Debug|x64
		{38E905B4-BBC3-4C28-8E19-AAA0AA7E0DB4}.Debug|x64.Build.0 = Debug|x64
		{38E905B4-BBC3-4C28-8E19-AAA0AA7E0DB4}.Release|Any CPU.ActiveCfg = Release|Any CPU
		{38E905B4-BBC3-4C28-8E19-AAA0AA7E0DB4}.Release|Any CPU.Build.0 = Release|Any CPU
		{38E905B4-BBC3-4C28-8E19-AAA0AA7E0DB4}.Release|x64.ActiveCfg = Release|x64
		{38E905B4-BBC3-4C28-8E19-AAA0AA7E0DB4}.Release|x64.Build.0 = Release|x64
		{A17A30DC-28FB-4BCD-B7D5-264EBA26D1C0}.Debug|Any CPU.ActiveCfg = Debug|Any CPU
		{A17A30DC-28FB-4BCD-B7D5-264EBA26D1C0}.Debug|Any CPU.Build.0 = Debug|Any CPU
		{A17A30DC-28FB-4BCD-B7D5-264EBA26D1C0}.Debug|x64.ActiveCfg = Debug|x64
		{A17A30DC-28FB-4BCD-B7D5-264EBA26D1C0}.Debug|x64.Build.0 = Debug|x64
		{A17A30DC-28FB-4BCD-B7D5-264EBA26D1C0}.Release|Any CPU.ActiveCfg = Release|Any CPU
		{A17A30DC-28FB-4BCD-B7D5-264EBA26D1C0}.Release|Any CPU.Build.0 = Release|Any CPU
		{A17A30DC-28FB-4BCD-B7D5-264EBA26D1C0}.Release|x64.ActiveCfg = Release|x64
		{A17A30DC-28FB-4BCD-B7D5-264EBA26D1C0}.Release|x64.Build.0 = Release|x64
		{5CCB7256-7018-43AB-B8F3-BF739B19249B}.Debug|Any CPU.ActiveCfg = Debug|Any CPU
		{5CCB7256-7018-43AB-B8F3-BF739B19249B}.Debug|Any CPU.Build.0 = Debug|Any CPU
		{5CCB7256-7018-43AB-B8F3-BF739B19249B}.Debug|x64.ActiveCfg = Debug|x64
		{5CCB7256-7018-43AB-B8F3-BF739B19249B}.Debug|x64.Build.0 = Debug|x64
		{5CCB7256-7018-43AB-B8F3-BF739B19249B}.Release|Any CPU.ActiveCfg = Release|Any CPU
		{5CCB7256-7018-43AB-B8F3-BF739B19249B}.Release|Any CPU.Build.0 = Release|Any CPU
		{5CCB7256-7018-43AB-B8F3-BF739B19249B}.Release|x64.ActiveCfg = Release|x64
		{5CCB7256-7018-43AB-B8F3-BF739B19249B}.Release|x64.Build.0 = Release|x64
		{2F28C8D5-B1C0-4D62-AEEC-5866C83F4C18}.Debug|Any CPU.ActiveCfg = Debug|Any CPU
		{2F28C8D5-B1C0-4D62-AEEC-5866C83F4C18}.Debug|Any CPU.Build.0 = Debug|Any CPU
		{2F28C8D5-B1C0-4D62-AEEC-5866C83F4C18}.Debug|x64.ActiveCfg = Debug|x64
		{2F28C8D5-B1C0-4D62-AEEC-5866C83F4C18}.Debug|x64.Build.0 = Debug|x64
		{2F28C8D5-B1C0-4D62-AEEC-5866C83F4C18}.Release|Any CPU.ActiveCfg = Release|Any CPU
		{2F28C8D5-B1C0-4D62-AEEC-5866C83F4C18}.Release|Any CPU.Build.0 = Release|Any CPU
		{2F28C8D5-B1C0-4D62-AEEC-5866C83F4C18}.Release|x64.ActiveCfg = Release|x64
		{2F28C8D5-B1C0-4D62-AEEC-5866C83F4C18}.Release|x64.Build.0 = Release|x64
		{1B5DF44B-5C12-45BE-AF17-4E3B19BC6194}.Debug|Any CPU.ActiveCfg = Debug|Any CPU
		{1B5DF44B-5C12-45BE-AF17-4E3B19BC6194}.Debug|Any CPU.Build.0 = Debug|Any CPU
		{1B5DF44B-5C12-45BE-AF17-4E3B19BC6194}.Debug|x64.ActiveCfg = Debug|x64
		{1B5DF44B-5C12-45BE-AF17-4E3B19BC6194}.Debug|x64.Build.0 = Debug|x64
		{1B5DF44B-5C12-45BE-AF17-4E3B19BC6194}.Release|Any CPU.ActiveCfg = Release|Any CPU
		{1B5DF44B-5C12-45BE-AF17-4E3B19BC6194}.Release|Any CPU.Build.0 = Release|Any CPU
		{1B5DF44B-5C12-45BE-AF17-4E3B19BC6194}.Release|x64.ActiveCfg = Release|x64
		{1B5DF44B-5C12-45BE-AF17-4E3B19BC6194}.Release|x64.Build.0 = Release|x64
		{C2A2641A-E14F-48E6-B085-114D6C375BFA}.Debug|Any CPU.ActiveCfg = Debug|Any CPU
		{C2A2641A-E14F-48E6-B085-114D6C375BFA}.Debug|Any CPU.Build.0 = Debug|Any CPU
		{C2A2641A-E14F-48E6-B085-114D6C375BFA}.Debug|x64.ActiveCfg = Debug|x64
		{C2A2641A-E14F-48E6-B085-114D6C375BFA}.Debug|x64.Build.0 = Debug|x64
		{C2A2641A-E14F-48E6-B085-114D6C375BFA}.Release|Any CPU.ActiveCfg = Release|Any CPU
		{C2A2641A-E14F-48E6-B085-114D6C375BFA}.Release|Any CPU.Build.0 = Release|Any CPU
		{C2A2641A-E14F-48E6-B085-114D6C375BFA}.Release|x64.ActiveCfg = Release|x64
		{C2A2641A-E14F-48E6-B085-114D6C375BFA}.Release|x64.Build.0 = Release|x64
		{902D182A-7813-43C5-A2BA-9B76797B2A77}.Debug|Any CPU.ActiveCfg = Debug|Any CPU
		{902D182A-7813-43C5-A2BA-9B76797B2A77}.Debug|Any CPU.Build.0 = Debug|Any CPU
		{902D182A-7813-43C5-A2BA-9B76797B2A77}.Debug|x64.ActiveCfg = Debug|x64
		{902D182A-7813-43C5-A2BA-9B76797B2A77}.Debug|x64.Build.0 = Debug|x64
		{902D182A-7813-43C5-A2BA-9B76797B2A77}.Release|Any CPU.ActiveCfg = Release|Any CPU
		{902D182A-7813-43C5-A2BA-9B76797B2A77}.Release|Any CPU.Build.0 = Release|Any CPU
		{902D182A-7813-43C5-A2BA-9B76797B2A77}.Release|x64.ActiveCfg = Release|x64
		{902D182A-7813-43C5-A2BA-9B76797B2A77}.Release|x64.Build.0 = Release|x64
		{E816AC02-75D4-42E7-8823-EF1A94C828D5}.Debug|Any CPU.ActiveCfg = Debug|Any CPU
		{E816AC02-75D4-42E7-8823-EF1A94C828D5}.Debug|Any CPU.Build.0 = Debug|Any CPU
		{E816AC02-75D4-42E7-8823-EF1A94C828D5}.Debug|x64.ActiveCfg = Debug|x64
		{E816AC02-75D4-42E7-8823-EF1A94C828D5}.Debug|x64.Build.0 = Debug|x64
		{E816AC02-75D4-42E7-8823-EF1A94C828D5}.Release|Any CPU.ActiveCfg = Release|x64
		{E816AC02-75D4-42E7-8823-EF1A94C828D5}.Release|Any CPU.Build.0 = Release|x64
		{E816AC02-75D4-42E7-8823-EF1A94C828D5}.Release|x64.ActiveCfg = Release|x64
		{E816AC02-75D4-42E7-8823-EF1A94C828D5}.Release|x64.Build.0 = Release|x64
		{86F3CD4D-7BBC-4494-8BC6-A80EC1DBBFD2}.Debug|Any CPU.ActiveCfg = Debug|Any CPU
		{86F3CD4D-7BBC-4494-8BC6-A80EC1DBBFD2}.Debug|Any CPU.Build.0 = Debug|Any CPU
		{86F3CD4D-7BBC-4494-8BC6-A80EC1DBBFD2}.Debug|x64.ActiveCfg = Debug|Any CPU
		{86F3CD4D-7BBC-4494-8BC6-A80EC1DBBFD2}.Debug|x64.Build.0 = Debug|Any CPU
		{86F3CD4D-7BBC-4494-8BC6-A80EC1DBBFD2}.Release|Any CPU.ActiveCfg = Release|Any CPU
		{86F3CD4D-7BBC-4494-8BC6-A80EC1DBBFD2}.Release|Any CPU.Build.0 = Release|Any CPU
		{86F3CD4D-7BBC-4494-8BC6-A80EC1DBBFD2}.Release|x64.ActiveCfg = Release|Any CPU
		{86F3CD4D-7BBC-4494-8BC6-A80EC1DBBFD2}.Release|x64.Build.0 = Release|Any CPU
		{D32C2237-6893-4590-9F8A-FCFD9BF10E14}.Debug|Any CPU.ActiveCfg = Debug|Any CPU
		{D32C2237-6893-4590-9F8A-FCFD9BF10E14}.Debug|Any CPU.Build.0 = Debug|Any CPU
		{D32C2237-6893-4590-9F8A-FCFD9BF10E14}.Debug|x64.ActiveCfg = Debug|Any CPU
		{D32C2237-6893-4590-9F8A-FCFD9BF10E14}.Debug|x64.Build.0 = Debug|Any CPU
		{D32C2237-6893-4590-9F8A-FCFD9BF10E14}.Release|Any CPU.ActiveCfg = Release|Any CPU
		{D32C2237-6893-4590-9F8A-FCFD9BF10E14}.Release|Any CPU.Build.0 = Release|Any CPU
		{D32C2237-6893-4590-9F8A-FCFD9BF10E14}.Release|x64.ActiveCfg = Release|Any CPU
		{D32C2237-6893-4590-9F8A-FCFD9BF10E14}.Release|x64.Build.0 = Release|Any CPU
		{E8BE67E6-527C-4BB6-B1C2-3ED0CB41B1A8}.Debug|Any CPU.ActiveCfg = Debug|Any CPU
		{E8BE67E6-527C-4BB6-B1C2-3ED0CB41B1A8}.Debug|Any CPU.Build.0 = Debug|Any CPU
		{E8BE67E6-527C-4BB6-B1C2-3ED0CB41B1A8}.Debug|x64.ActiveCfg = Debug|Any CPU
		{E8BE67E6-527C-4BB6-B1C2-3ED0CB41B1A8}.Debug|x64.Build.0 = Debug|Any CPU
		{E8BE67E6-527C-4BB6-B1C2-3ED0CB41B1A8}.Release|Any CPU.ActiveCfg = Release|Any CPU
		{E8BE67E6-527C-4BB6-B1C2-3ED0CB41B1A8}.Release|Any CPU.Build.0 = Release|Any CPU
		{E8BE67E6-527C-4BB6-B1C2-3ED0CB41B1A8}.Release|x64.ActiveCfg = Release|Any CPU
		{E8BE67E6-527C-4BB6-B1C2-3ED0CB41B1A8}.Release|x64.Build.0 = Release|Any CPU
		{0FE458F7-11DF-43CF-A905-D1915DF73759}.Debug|Any CPU.ActiveCfg = Debug|Any CPU
		{0FE458F7-11DF-43CF-A905-D1915DF73759}.Debug|Any CPU.Build.0 = Debug|Any CPU
		{0FE458F7-11DF-43CF-A905-D1915DF73759}.Debug|x64.ActiveCfg = Debug|Any CPU
		{0FE458F7-11DF-43CF-A905-D1915DF73759}.Debug|x64.Build.0 = Debug|Any CPU
		{0FE458F7-11DF-43CF-A905-D1915DF73759}.Release|Any CPU.ActiveCfg = Release|Any CPU
		{0FE458F7-11DF-43CF-A905-D1915DF73759}.Release|Any CPU.Build.0 = Release|Any CPU
		{0FE458F7-11DF-43CF-A905-D1915DF73759}.Release|x64.ActiveCfg = Release|Any CPU
		{0FE458F7-11DF-43CF-A905-D1915DF73759}.Release|x64.Build.0 = Release|Any CPU
		{3D3DA816-B215-4D6D-BEA9-1C6FB0FF5762}.Debug|Any CPU.ActiveCfg = Debug|Any CPU
		{3D3DA816-B215-4D6D-BEA9-1C6FB0FF5762}.Debug|Any CPU.Build.0 = Debug|Any CPU
		{3D3DA816-B215-4D6D-BEA9-1C6FB0FF5762}.Debug|x64.ActiveCfg = Debug|Any CPU
		{3D3DA816-B215-4D6D-BEA9-1C6FB0FF5762}.Debug|x64.Build.0 = Debug|Any CPU
		{3D3DA816-B215-4D6D-BEA9-1C6FB0FF5762}.Release|Any CPU.ActiveCfg = Release|Any CPU
		{3D3DA816-B215-4D6D-BEA9-1C6FB0FF5762}.Release|Any CPU.Build.0 = Release|Any CPU
		{3D3DA816-B215-4D6D-BEA9-1C6FB0FF5762}.Release|x64.ActiveCfg = Release|Any CPU
		{3D3DA816-B215-4D6D-BEA9-1C6FB0FF5762}.Release|x64.Build.0 = Release|Any CPU
		{F4F398F2-2D5B-4C39-9445-C687097F9740}.Debug|Any CPU.ActiveCfg = Debug|Any CPU
		{F4F398F2-2D5B-4C39-9445-C687097F9740}.Debug|Any CPU.Build.0 = Debug|Any CPU
		{F4F398F2-2D5B-4C39-9445-C687097F9740}.Debug|x64.ActiveCfg = Debug|Any CPU
		{F4F398F2-2D5B-4C39-9445-C687097F9740}.Debug|x64.Build.0 = Debug|Any CPU
		{F4F398F2-2D5B-4C39-9445-C687097F9740}.Release|Any CPU.ActiveCfg = Release|Any CPU
		{F4F398F2-2D5B-4C39-9445-C687097F9740}.Release|Any CPU.Build.0 = Release|Any CPU
		{F4F398F2-2D5B-4C39-9445-C687097F9740}.Release|x64.ActiveCfg = Release|Any CPU
		{F4F398F2-2D5B-4C39-9445-C687097F9740}.Release|x64.Build.0 = Release|Any CPU
		{9861281C-549A-4EA1-AB4B-A7FB3394B556}.Debug|Any CPU.ActiveCfg = Debug|Any CPU
		{9861281C-549A-4EA1-AB4B-A7FB3394B556}.Debug|Any CPU.Build.0 = Debug|Any CPU
		{9861281C-549A-4EA1-AB4B-A7FB3394B556}.Debug|x64.ActiveCfg = Debug|Any CPU
		{9861281C-549A-4EA1-AB4B-A7FB3394B556}.Debug|x64.Build.0 = Debug|Any CPU
		{9861281C-549A-4EA1-AB4B-A7FB3394B556}.Release|Any CPU.ActiveCfg = Release|Any CPU
		{9861281C-549A-4EA1-AB4B-A7FB3394B556}.Release|Any CPU.Build.0 = Release|Any CPU
		{9861281C-549A-4EA1-AB4B-A7FB3394B556}.Release|x64.ActiveCfg = Release|Any CPU
		{9861281C-549A-4EA1-AB4B-A7FB3394B556}.Release|x64.Build.0 = Release|Any CPU
		{B07BAE55-FFBC-4A43-BAB5-48FEDD3F77C8}.Debug|Any CPU.ActiveCfg = Debug|Any CPU
		{B07BAE55-FFBC-4A43-BAB5-48FEDD3F77C8}.Debug|Any CPU.Build.0 = Debug|Any CPU
		{B07BAE55-FFBC-4A43-BAB5-48FEDD3F77C8}.Debug|x64.ActiveCfg = Debug|Any CPU
		{B07BAE55-FFBC-4A43-BAB5-48FEDD3F77C8}.Debug|x64.Build.0 = Debug|Any CPU
		{B07BAE55-FFBC-4A43-BAB5-48FEDD3F77C8}.Release|Any CPU.ActiveCfg = Release|Any CPU
		{B07BAE55-FFBC-4A43-BAB5-48FEDD3F77C8}.Release|Any CPU.Build.0 = Release|Any CPU
		{B07BAE55-FFBC-4A43-BAB5-48FEDD3F77C8}.Release|x64.ActiveCfg = Release|Any CPU
		{B07BAE55-FFBC-4A43-BAB5-48FEDD3F77C8}.Release|x64.Build.0 = Release|Any CPU
	EndGlobalSection
	GlobalSection(SolutionProperties) = preSolution
		HideSolutionNode = FALSE
	EndGlobalSection
	GlobalSection(ExtensibilityGlobals) = postSolution
		SolutionGuid = {72D8759A-3128-4A10-BD8D-F56A4DF5DC91}
	EndGlobalSection
EndGlobal
